
Microsoft Visual Studio Solution File, Format Version 12.00
# Visual Studio 15
VisualStudioVersion = 15.0.27703.2000
MinimumVisualStudioVersion = 10.0.40219.1
Project("{FAE04EC0-301F-11D3-BF4B-00C04F79EFBC}") = "EFCodeFirstEx", "EFCodeFirstEx\EFCodeFirstEx.csproj", "{6C8DDAAD-0C77-4CEA-8E7F-59C5F295B6D1}"
EndProject
Global
	GlobalSection(SolutionConfigurationPlatforms) = preSolution
		Debug|Any CPU = Debug|Any CPU
		Release|Any CPU = Release|Any CPU
	EndGlobalSection
	GlobalSection(ProjectConfigurationPlatforms) = postSolution
		{6C8DDAAD-0C77-4CEA-8E7F-59C5F295B6D1}.Debug|Any CPU.ActiveCfg = Debug|Any CPU
		{6C8DDAAD-0C77-4CEA-8E7F-59C5F295B6D1}.Debug|Any CPU.Build.0 = Debug|Any CPU
		{6C8DDAAD-0C77-4CEA-8E7F-59C5F295B6D1}.Release|Any CPU.ActiveCfg = Release|Any CPU
		{6C8DDAAD-0C77-4CEA-8E7F-59C5F295B6D1}.Release|Any CPU.Build.0 = Release|Any CPU
	EndGlobalSection
	GlobalSection(SolutionProperties) = preSolution
		HideSolutionNode = FALSE
	EndGlobalSection
	GlobalSection(ExtensibilityGlobals) = postSolution
		SolutionGuid = {59D5E958-1F27-4F11-964F-B2D75CE5A0CE}
	EndGlobalSection
EndGlobal
